{
  "name": "@dada78641/bwrepinfo",
  "version": "1.1.2",
  "lockfileVersion": 3,
  "requires": true,
  "packages": {
    "": {
      "name": "@dada78641/bwrepinfo",
      "version": "1.1.2",
      "license": "MIT",
      "dependencies": {
        "format-duration": "^3.0.2",
        "lodash.orderby": "^4.6.0",
        "pretty-bytes": "^6.1.1",
        "screparsed": "^0.0.5",
        "sctoolsdata": "^0.1.5"
      }
    },
    "node_modules/binary-parser": {
      "version": "2.2.1",
      "resolved": "https://registry.npmjs.org/binary-parser/-/binary-parser-2.2.1.tgz",
      "integrity": "sha512-5ATpz/uPDgq5GgEDxTB4ouXCde7q2lqAQlSdBRQVl/AJnxmQmhIfyxJx+0MGu//D5rHQifkfGbWWlaysG0o9NA==",
      "license": "MIT",
      "engines": {
        "node": ">=12"
      }
    },
    "node_modules/format-duration": {
      "version": "3.0.2",
      "resolved": "https://registry.npmjs.org/format-duration/-/format-duration-3.0.2.tgz",
      "integrity": "sha512-pKzJDSRgK2lqAiPW3uizDaIJaJnataZclsahz25UMwfdryBGDa+1HlbXGjzpMvX/2kMh4O0sNevFXKaEfCjHsA==",
      "license": "ISC"
    },
    "node_modules/lodash.orderby": {
      "version": "4.6.0",
      "resolved": "https://registry.npmjs.org/lodash.orderby/-/lodash.orderby-4.6.0.tgz",
      "integrity": "sha512-T0rZxKmghOOf5YPnn8EY5iLYeWCpZq8G41FfqoVHH5QDTAFaghJRmAdLiadEDq+ztgM2q5PjA+Z1fOwGrLgmtg==",
      "license": "MIT"
    },
    "node_modules/pretty-bytes": {
      "version": "6.1.1",
      "resolved": "https://registry.npmjs.org/pretty-bytes/-/pretty-bytes-6.1.1.tgz",
      "integrity": "sha512-mQUvGU6aUFQ+rNvTIAcZuWGRT9a6f6Yrg9bHs4ImKF+HZCEK+plBvnAZYSIQztknZF2qnzNtr6F8s0+IuptdlQ==",
      "license": "MIT",
      "engines": {
        "node": "^14.13.1 || >=16.0.0"
      },
      "funding": {
        "url": "https://github.com/sponsors/sindresorhus"
      }
    },
    "node_modules/screparsed": {
      "version": "0.0.5",
      "resolved": "https://registry.npmjs.org/screparsed/-/screparsed-0.0.5.tgz",
      "integrity": "sha512-EwdKp0jg2ivwUNXMi6WxOaAfL5FT/1ExTcNOhup7LLlJxI3D2Esaa50mESD4PGKGvG+d3v0VU5zd9I6Hqw7wbQ==",
      "dependencies": {
        "binary-parser": "^2.2.1",
        "smart-buffer": "^4.2.0",
        "typescript-memoize": "^1.1.1"
      }
    },
    "node_modules/sctoolsdata": {
      "version": "0.1.5",
      "resolved": "https://registry.npmjs.org/sctoolsdata/-/sctoolsdata-0.1.5.tgz",
      "integrity": "sha512-ynhuPprIJ4qfABcU0PHhDI2AKK95DfXvRbZP0sctF21PpdWfRQ3noR6mZptZ+rDezzIBgFPkxfGbdecH/uo1xw==",
      "license": "MIT"
    },
    "node_modules/smart-buffer": {
      "version": "4.2.0",
      "resolved": "https://registry.npmjs.org/smart-buffer/-/smart-buffer-4.2.0.tgz",
      "integrity": "sha512-94hK0Hh8rPqQl2xXc3HsaBoOXKV20MToPkcXvwbISWLEs+64sBq5kFgn2kJDHb1Pry9yrP0dxrCI9RRci7RXKg==",
      "license": "MIT",
      "engines": {
        "node": ">= 6.0.0",
        "npm": ">= 3.0.0"
      }
    },
    "node_modules/typescript-memoize": {
      "version": "1.1.1",
      "resolved": "https://registry.npmjs.org/typescript-memoize/-/typescript-memoize-1.1.1.tgz",
      "integrity": "sha512-GQ90TcKpIH4XxYTI2F98yEQYZgjNMOGPpOgdjIBhaLaWji5HPWlRnZ4AeA1hfBxtY7bCGDJsqDDHk/KaHOl5bA==",
      "license": "MIT"
    }
  }
}
